
Microsoft Visual Studio Solution File, Format Version 12.00
# Visual Studio 14
VisualStudioVersion = 14.0.25420.1
MinimumVisualStudioVersion = 10.0.40219.1
Project("{FAE04EC0-301F-11D3-BF4B-00C04F79EFBC}") = "HTML_Parser", "HTML_Parser\HTML_Parser.csproj", "{F02376A2-BC6E-48C9-8DE4-5CFAC065C318}"
EndProject
Project("{FAE04EC0-301F-11D3-BF4B-00C04F79EFBC}") = "HTML_Parser.DAL", "HTML_Parser.DAL\HTML_Parser.DAL.csproj", "{CE9D2714-2A45-42D7-A1AA-4A8EB8B696B0}"
EndProject
Project("{FAE04EC0-301F-11D3-BF4B-00C04F79EFBC}") = "HTML_Parser.Business", "HTML_Parser.Buisness\HTML_Parser.Business.csproj", "{6145E4DB-F9E0-46E6-AC86-84877C91332F}"
EndProject
Project("{FAE04EC0-301F-11D3-BF4B-00C04F79EFBC}") = "HTML_Parser.Service", "HTML_Parser.Service\HTML_Parser.Service.csproj", "{8AC4E284-92B9-49BB-B29E-FE1F32D67F58}"
EndProject
Project("{FAE04EC0-301F-11D3-BF4B-00C04F79EFBC}") = "HTML_Parser.Collections", "HTML_Parser.Collections\HTML_Parser.Collections.csproj", "{01FEBFC4-26BC-49F7-A8B6-4594B470FEF0}"
EndProject
Project("{FAE04EC0-301F-11D3-BF4B-00C04F79EFBC}") = "HTML_Parser.Business.Web.Tests", "HTML_Parser.Business.Web.Tests\HTML_Parser.Business.Web.Tests.csproj", "{6CB59E85-9640-4370-8E53-87084F5883A3}"
EndProject
Project("{FAE04EC0-301F-11D3-BF4B-00C04F79EFBC}") = "HTML_Parser.Business.Commands.Handlers.Tests", "HTML_Parser.Business.Commands.Handlers.Tests\HTML_Parser.Business.Commands.Handlers.Tests.csproj", "{6178D997-DE99-41FD-A2F9-612D28715B18}"
EndProject
Global
	GlobalSection(SolutionConfigurationPlatforms) = preSolution
		Debug|Any CPU = Debug|Any CPU
		Release|Any CPU = Release|Any CPU
	EndGlobalSection
	GlobalSection(ProjectConfigurationPlatforms) = postSolution
		{F02376A2-BC6E-48C9-8DE4-5CFAC065C318}.Debug|Any CPU.ActiveCfg = Debug|Any CPU
		{F02376A2-BC6E-48C9-8DE4-5CFAC065C318}.Debug|Any CPU.Build.0 = Debug|Any CPU
		{F02376A2-BC6E-48C9-8DE4-5CFAC065C318}.Release|Any CPU.ActiveCfg = Release|Any CPU
		{F02376A2-BC6E-48C9-8DE4-5CFAC065C318}.Release|Any CPU.Build.0 = Release|Any CPU
		{CE9D2714-2A45-42D7-A1AA-4A8EB8B696B0}.Debug|Any CPU.ActiveCfg = Debug|Any CPU
		{CE9D2714-2A45-42D7-A1AA-4A8EB8B696B0}.Debug|Any CPU.Build.0 = Debug|Any CPU
		{CE9D2714-2A45-42D7-A1AA-4A8EB8B696B0}.Release|Any CPU.ActiveCfg = Release|Any CPU
		{CE9D2714-2A45-42D7-A1AA-4A8EB8B696B0}.Release|Any CPU.Build.0 = Release|Any CPU
		{6145E4DB-F9E0-46E6-AC86-84877C91332F}.Debug|Any CPU.ActiveCfg = Debug|Any CPU
		{6145E4DB-F9E0-46E6-AC86-84877C91332F}.Debug|Any CPU.Build.0 = Debug|Any CPU
		{6145E4DB-F9E0-46E6-AC86-84877C91332F}.Release|Any CPU.ActiveCfg = Release|Any CPU
		{6145E4DB-F9E0-46E6-AC86-84877C91332F}.Release|Any CPU.Build.0 = Release|Any CPU
		{8AC4E284-92B9-49BB-B29E-FE1F32D67F58}.Debug|Any CPU.ActiveCfg = Debug|Any CPU
		{8AC4E284-92B9-49BB-B29E-FE1F32D67F58}.Debug|Any CPU.Build.0 = Debug|Any CPU
		{8AC4E284-92B9-49BB-B29E-FE1F32D67F58}.Release|Any CPU.ActiveCfg = Release|Any CPU
		{8AC4E284-92B9-49BB-B29E-FE1F32D67F58}.Release|Any CPU.Build.0 = Release|Any CPU
		{01FEBFC4-26BC-49F7-A8B6-4594B470FEF0}.Debug|Any CPU.ActiveCfg = Debug|Any CPU
		{01FEBFC4-26BC-49F7-A8B6-4594B470FEF0}.Debug|Any CPU.Build.0 = Debug|Any CPU
		{01FEBFC4-26BC-49F7-A8B6-4594B470FEF0}.Release|Any CPU.ActiveCfg = Release|Any CPU
		{01FEBFC4-26BC-49F7-A8B6-4594B470FEF0}.Release|Any CPU.Build.0 = Release|Any CPU
		{6CB59E85-9640-4370-8E53-87084F5883A3}.Debug|Any CPU.ActiveCfg = Debug|Any CPU
		{6CB59E85-9640-4370-8E53-87084F5883A3}.Debug|Any CPU.Build.0 = Debug|Any CPU
		{6CB59E85-9640-4370-8E53-87084F5883A3}.Release|Any CPU.ActiveCfg = Release|Any CPU
		{6CB59E85-9640-4370-8E53-87084F5883A3}.Release|Any CPU.Build.0 = Release|Any CPU
		{6178D997-DE99-41FD-A2F9-612D28715B18}.Debug|Any CPU.ActiveCfg = Debug|Any CPU
		{6178D997-DE99-41FD-A2F9-612D28715B18}.Debug|Any CPU.Build.0 = Debug|Any CPU
		{6178D997-DE99-41FD-A2F9-612D28715B18}.Release|Any CPU.ActiveCfg = Release|Any CPU
		{6178D997-DE99-41FD-A2F9-612D28715B18}.Release|Any CPU.Build.0 = Release|Any CPU
	EndGlobalSection
	GlobalSection(SolutionProperties) = preSolution
		HideSolutionNode = FALSE
	EndGlobalSection
EndGlobal
